
Microsoft Visual Studio Solution File, Format Version 12.00
# Visual Studio 2013
VisualStudioVersion = 12.0.20827.3
MinimumVisualStudioVersion = 10.0.40219.1
Project("{FAE04EC0-301F-11D3-BF4B-00C04F79EFBC}") = "MvcApplication1", "MvcApplication1\MvcApplication1.csproj", "{71116879-4A4B-4647-9AB0-A4084DC75A13}"
EndProject
Project("{FAE04EC0-301F-11D3-BF4B-00C04F79EFBC}") = "MvcApplication2", "MvcApplication2\MvcApplication2.csproj", "{EEF73B63-D061-43CE-97EE-0FBABE444E7D}"
EndProject
Project("{FAE04EC0-301F-11D3-BF4B-00C04F79EFBC}") = "SharedApplication", "SharedApplication\SharedApplication.csproj", "{C19B7362-3876-49A6-A2AF-C90A3DB26663}"
EndProject
Project("{2150E333-8FDC-42A3-9474-1A3956D46DE8}") = "Solution Items", "Solution Items", "{B9E2CDD1-C89F-4A92-8EAC-C239EBD5AAB1}"
	ProjectSection(SolutionItems) = preProject
		README.md = README.md
	EndProjectSection
EndProject
Project("{2150E333-8FDC-42A3-9474-1A3956D46DE8}") = ".nuget", ".nuget", "{5952B894-4CAE-4513-97B5-71CDEC787E38}"
	ProjectSection(SolutionItems) = preProject
		.nuget\NuGet.Config = .nuget\NuGet.Config
		.nuget\NuGet.exe = .nuget\NuGet.exe
		.nuget\NuGet.targets = .nuget\NuGet.targets
	EndProjectSection
EndProject
Global
	GlobalSection(SolutionConfigurationPlatforms) = preSolution
		Debug|Any CPU = Debug|Any CPU
		Release|Any CPU = Release|Any CPU
	EndGlobalSection
	GlobalSection(ProjectConfigurationPlatforms) = postSolution
		{71116879-4A4B-4647-9AB0-A4084DC75A13}.Debug|Any CPU.ActiveCfg = Debug|Any CPU
		{71116879-4A4B-4647-9AB0-A4084DC75A13}.Debug|Any CPU.Build.0 = Debug|Any CPU
		{71116879-4A4B-4647-9AB0-A4084DC75A13}.Release|Any CPU.ActiveCfg = Release|Any CPU
		{71116879-4A4B-4647-9AB0-A4084DC75A13}.Release|Any CPU.Build.0 = Release|Any CPU
		{EEF73B63-D061-43CE-97EE-0FBABE444E7D}.Debug|Any CPU.ActiveCfg = Debug|Any CPU
		{EEF73B63-D061-43CE-97EE-0FBABE444E7D}.Debug|Any CPU.Build.0 = Debug|Any CPU
		{EEF73B63-D061-43CE-97EE-0FBABE444E7D}.Release|Any CPU.ActiveCfg = Release|Any CPU
		{EEF73B63-D061-43CE-97EE-0FBABE444E7D}.Release|Any CPU.Build.0 = Release|Any CPU
		{C19B7362-3876-49A6-A2AF-C90A3DB26663}.Debug|Any CPU.ActiveCfg = Debug|Any CPU
		{C19B7362-3876-49A6-A2AF-C90A3DB26663}.Debug|Any CPU.Build.0 = Debug|Any CPU
		{C19B7362-3876-49A6-A2AF-C90A3DB26663}.Release|Any CPU.ActiveCfg = Release|Any CPU
		{C19B7362-3876-49A6-A2AF-C90A3DB26663}.Release|Any CPU.Build.0 = Release|Any CPU
	EndGlobalSection
	GlobalSection(SolutionProperties) = preSolution
		HideSolutionNode = FALSE
	EndGlobalSection
EndGlobal
